
Microsoft Visual Studio Solution File, Format Version 12.00
# Visual Studio 15
VisualStudioVersion = 15.0.27703.2035
MinimumVisualStudioVersion = 10.0.40219.1
Project("{FAE04EC0-301F-11D3-BF4B-00C04F79EFBC}") = "Lottery.Raffle.Console", "Lottery.Raffle.Console\Lottery.Raffle.Console.csproj", "{F94DA735-A8AE-49EB-B3FE-9264B220DEB1}"
EndProject
Project("{FAE04EC0-301F-11D3-BF4B-00C04F79EFBC}") = "Lottery.Data", "Lottery.Data\Lottery.Data.csproj", "{515DAA60-A8A3-4944-A1E5-2D432C1CC156}"
EndProject
Project("{FAE04EC0-301F-11D3-BF4B-00C04F79EFBC}") = "Lottery.Data.Model", "Lottery.Data.Model\Lottery.Data.Model.csproj", "{CE13C420-61E5-4409-9EB9-8D48B7FB42E2}"
EndProject
Project("{FAE04EC0-301F-11D3-BF4B-00C04F79EFBC}") = "Lottery.Service", "Lottery.Service\Lottery.Service.csproj", "{B8177FB4-D10E-4BAF-BDFC-4BF3A9831FBD}"
EndProject
Global
	GlobalSection(SolutionConfigurationPlatforms) = preSolution
		Debug|Any CPU = Debug|Any CPU
		Release|Any CPU = Release|Any CPU
	EndGlobalSection
	GlobalSection(ProjectConfigurationPlatforms) = postSolution
		{F94DA735-A8AE-49EB-B3FE-9264B220DEB1}.Debug|Any CPU.ActiveCfg = Debug|Any CPU
		{F94DA735-A8AE-49EB-B3FE-9264B220DEB1}.Debug|Any CPU.Build.0 = Debug|Any CPU
		{F94DA735-A8AE-49EB-B3FE-9264B220DEB1}.Release|Any CPU.ActiveCfg = Release|Any CPU
		{F94DA735-A8AE-49EB-B3FE-9264B220DEB1}.Release|Any CPU.Build.0 = Release|Any CPU
		{515DAA60-A8A3-4944-A1E5-2D432C1CC156}.Debug|Any CPU.ActiveCfg = Debug|Any CPU
		{515DAA60-A8A3-4944-A1E5-2D432C1CC156}.Debug|Any CPU.Build.0 = Debug|Any CPU
		{515DAA60-A8A3-4944-A1E5-2D432C1CC156}.Release|Any CPU.ActiveCfg = Release|Any CPU
		{515DAA60-A8A3-4944-A1E5-2D432C1CC156}.Release|Any CPU.Build.0 = Release|Any CPU
		{CE13C420-61E5-4409-9EB9-8D48B7FB42E2}.Debug|Any CPU.ActiveCfg = Debug|Any CPU
		{CE13C420-61E5-4409-9EB9-8D48B7FB42E2}.Debug|Any CPU.Build.0 = Debug|Any CPU
		{CE13C420-61E5-4409-9EB9-8D48B7FB42E2}.Release|Any CPU.ActiveCfg = Release|Any CPU
		{CE13C420-61E5-4409-9EB9-8D48B7FB42E2}.Release|Any CPU.Build.0 = Release|Any CPU
		{B8177FB4-D10E-4BAF-BDFC-4BF3A9831FBD}.Debug|Any CPU.ActiveCfg = Debug|Any CPU
		{B8177FB4-D10E-4BAF-BDFC-4BF3A9831FBD}.Debug|Any CPU.Build.0 = Debug|Any CPU
		{B8177FB4-D10E-4BAF-BDFC-4BF3A9831FBD}.Release|Any CPU.ActiveCfg = Release|Any CPU
		{B8177FB4-D10E-4BAF-BDFC-4BF3A9831FBD}.Release|Any CPU.Build.0 = Release|Any CPU
	EndGlobalSection
	GlobalSection(SolutionProperties) = preSolution
		HideSolutionNode = FALSE
	EndGlobalSection
	GlobalSection(ExtensibilityGlobals) = postSolution
		SolutionGuid = {87E5A4D6-6C90-4F65-A0FA-30FA1C1AF315}
	EndGlobalSection
EndGlobal
